
Microsoft Visual Studio Solution File, Format Version 12.00
# Visual Studio Version 16
VisualStudioVersion = 16.0.31829.152
MinimumVisualStudioVersion = 10.0.40219.1
Project("{FAE04EC0-301F-11D3-BF4B-00C04F79EFBC}") = "base1_Lesson10", "base1_Lesson10\base1_Lesson10.csproj", "{009A18EA-37D8-4E47-9D4E-0B953689EC98}"
EndProject
Global
	GlobalSection(SolutionConfigurationPlatforms) = preSolution
		Debug|Any CPU = Debug|Any CPU
		Release|Any CPU = Release|Any CPU
	EndGlobalSection
	GlobalSection(ProjectConfigurationPlatforms) = postSolution
		{009A18EA-37D8-4E47-9D4E-0B953689EC98}.Debug|Any CPU.ActiveCfg = Debug|Any CPU
		{009A18EA-37D8-4E47-9D4E-0B953689EC98}.Debug|Any CPU.Build.0 = Debug|Any CPU
		{009A18EA-37D8-4E47-9D4E-0B953689EC98}.Release|Any CPU.ActiveCfg = Release|Any CPU
		{009A18EA-37D8-4E47-9D4E-0B953689EC98}.Release|Any CPU.Build.0 = Release|Any CPU
	EndGlobalSection
	GlobalSection(SolutionProperties) = preSolution
		HideSolutionNode = FALSE
	EndGlobalSection
	GlobalSection(ExtensibilityGlobals) = postSolution
		SolutionGuid = {7A6A74B3-2E16-4C2B-AD46-7C4FC64474D7}
	EndGlobalSection
EndGlobal
